<?xml version="1.0" encoding="utf-8"?>
<Project ToolsVersion="4.0" xmlns="http://schemas.microsoft.com/developer/msbuild/2003">
  <ItemGroup>
    <Filter Include="Fichiers sources">
      <UniqueIdentifier>{4FC737F1-C7A5-4376-A066-2A32D752A2FF}</UniqueIdentifier>
      <Extensions>cpp;c;cc;cxx;def;odl;idl;hpj;bat;asm;asmx</Extensions>
    </Filter>
    <Filter Include="Fichiers d%27en-tête">
      <UniqueIdentifier>{93995380-89BD-4b04-88EB-625FBE52EBFB}</UniqueIdentifier>
      <Extensions>h;hh;hpp;hxx;hm;inl;inc;xsd</Extensions>
    </Filter>
    <Filter Include="Fichiers de ressources">
      <UniqueIdentifier>{67DA6AB6-F800-4c08-8B7A-83BB121AAD01}</UniqueIdentifier>
      <Extensions>rc;ico;cur;bmp;dlg;rc2;rct;bin;rgs;gif;jpg;jpeg;jpe;resx;tiff;tif;png;wav;mfcribbon-ms</Extensions>
    </Filter>
    <Filter Include="Common">
      <UniqueIdentifier>{01c74746-fe91-4f3c-8138-9e9ca03ef552}</UniqueIdentifier>
    </Filter>
    <Filter Include="Common\ThomasEngine">
      <UniqueIdentifier>{601a9f23-1b1d-416f-8e4b-aadf2fec29f2}</UniqueIdentifier>
    </Filter>
    <Filter Include="Common\ThomasGui">
      <UniqueIdentifier>{7eb5aaf6-2b3c-495c-990d-f44168d5489d}</UniqueIdentifier>
    </Filter>
    <Filter Include="Common\ThomasSystem">
      <UniqueIdentifier>{a453461e-6600-43d0-8774-07ec50593421}</UniqueIdentifier>
    </Filter>
    <Filter Include="Common\ThomasInput">
      <UniqueIdentifier>{bee6e03b-f6e5-45e1-8159-f1a823ace1ff}</UniqueIdentifier>
    </Filter>
    <Filter Include="Common\Launcher">
      <UniqueIdentifier>{1f8890ec-f154-41c8-a4d2-fb7f1198a7ce}</UniqueIdentifier>
    </Filter>
    <Filter Include="DevObjects">
      <UniqueIdentifier>{7b316971-8d4f-439a-820b-29bffdcfb310}</UniqueIdentifier>
    </Filter>
    <Filter Include="Common\ThomasRenderer">
      <UniqueIdentifier>{2fb1f6a8-894b-4eea-b894-58abb121c63b}</UniqueIdentifier>
    </Filter>
    <Filter Include="vulkanTools">
      <UniqueIdentifier>{13576b71-87b7-4a84-8d00-f2bbedc7f1c5}</UniqueIdentifier>
    </Filter>
  </ItemGroup>
  <ItemGroup>
    <ClCompile Include="main.cpp">
      <Filter>Fichiers sources</Filter>
    </ClCompile>
    <ClCompile Include="System.cpp">
      <Filter>Common\ThomasSystem</Filter>
    </ClCompile>
    <ClCompile Include="vulkanTools\vulkandebug.cpp">
      <Filter>vulkanTools</Filter>
    </ClCompile>
    <ClCompile Include="vulkanTools\vulkantools.cpp">
      <Filter>vulkanTools</Filter>
    </ClCompile>
    <ClCompile Include="Renderer.cpp">
      <Filter>Common\ThomasRenderer</Filter>
    </ClCompile>
    <ClCompile Include="guiutils.h">
      <Filter>Common\ThomasGui</Filter>
    </ClCompile>
    <ClCompile Include="guiutils.cpp">
      <Filter>Common\ThomasGui</Filter>
    </ClCompile>
    <ClCompile Include="Framebuffer.cpp">
      <Filter>Common\ThomasRenderer</Filter>
    </ClCompile>
    <ClCompile Include="Input.cpp">
      <Filter>Common\ThomasInput</Filter>
    </ClCompile>
    <ClCompile Include="Font.cpp">
      <Filter>Common\ThomasGui</Filter>
    </ClCompile>
    <ClCompile Include="vulkandevice.cpp">
      <Filter>Common\ThomasSystem</Filter>
    </ClCompile>
    <ClCompile Include="MemoryManager.cpp">
      <Filter>Common\ThomasSystem</Filter>
    </ClCompile>
    <ClCompile Include="vulkanTools\Helper.cpp">
      <Filter>Fichiers sources</Filter>
    </ClCompile>
  </ItemGroup>
  <ItemGroup>
    <ClInclude Include="I3DEngine.h">
      <Filter>Common\ThomasEngine</Filter>
    </ClInclude>
    <ClInclude Include="IProcess.h">
      <Filter>Common\ThomasSystem</Filter>
    </ClInclude>
    <ClInclude Include="IRenderer.h">
      <Filter>Common\ThomasRenderer</Filter>
    </ClInclude>
    <ClInclude Include="System.h">
      <Filter>Common\ThomasSystem</Filter>
    </ClInclude>
    <ClInclude Include="vulkanTools\vulkandebug.h">
      <Filter>vulkanTools</Filter>
    </ClInclude>
    <ClInclude Include="vulkanTools\vulkanMeshLoader.hpp">
      <Filter>vulkanTools</Filter>
    </ClInclude>
    <ClInclude Include="vulkanTools\vulkanswapchain.hpp">
      <Filter>vulkanTools</Filter>
    </ClInclude>
    <ClInclude Include="vulkanTools\vulkanTextureLoader.hpp">
      <Filter>vulkanTools</Filter>
    </ClInclude>
    <ClInclude Include="vulkanTools\vulkantools.h">
      <Filter>vulkanTools</Filter>
    </ClInclude>
    <ClInclude Include="Renderer.h">
      <Filter>Common\ThomasRenderer</Filter>
    </ClInclude>
    <ClInclude Include="vulkanbuffer.hpp">
      <Filter>Common\ThomasSystem</Filter>
    </ClInclude>
    <ClInclude Include="IInput.h">
      <Filter>Common\ThomasSystem</Filter>
    </ClInclude>
    <ClInclude Include="vulkandevice.h">
      <Filter>Common\ThomasSystem</Filter>
    </ClInclude>
    <ClInclude Include="IMemoryManager.h">
      <Filter>Common\ThomasSystem</Filter>
    </ClInclude>
    <ClInclude Include="Framebuffer.h">
      <Filter>Common\ThomasRenderer</Filter>
    </ClInclude>
    <ClInclude Include="Font.h">
      <Filter>Common\ThomasGui</Filter>
    </ClInclude>
    <ClInclude Include="Input.h">
      <Filter>Common\ThomasInput</Filter>
    </ClInclude>
    <ClInclude Include="MemoryManager.h">
      <Filter>Common\ThomasSystem</Filter>
    </ClInclude>
    <ClInclude Include="vulkanTools\Helper.h">
      <Filter>Fichiers d%27en-tête</Filter>
    </ClInclude>
  </ItemGroup>
  <ItemGroup>
    <None Include="platform_impl.inl">
      <Filter>Fichiers d%27en-tête</Filter>
    </None>
  </ItemGroup>
</Project>